
Microsoft Visual Studio Solution File, Format Version 12.00
# Visual Studio Version 16
VisualStudioVersion = 16.0.29519.87
MinimumVisualStudioVersion = 10.0.40219.1
Project("{9A19103F-16F7-4668-BE54-9A1E7A4F7556}") = "MadPay724.Data", "MadPay724.Data\MadPay724.Data.csproj", "{12C668ED-DF3A-4C63-B017-6695080D9E7B}"
EndProject
Project("{9A19103F-16F7-4668-BE54-9A1E7A4F7556}") = "MadPay724.Service", "MadPay724.Service\MadPay724.Service.csproj", "{EECEB8CF-CCAC-4434-B9C2-45EF51351139}"
EndProject
Project("{9A19103F-16F7-4668-BE54-9A1E7A4F7556}") = "MadPay724.Common", "MadPay724.Common\MadPay724.Common.csproj", "{55FA3954-4407-481C-B190-0B26216908D2}"
EndProject
Project("{9A19103F-16F7-4668-BE54-9A1E7A4F7556}") = "MadPay724.Repo", "MadPay724.Repo\MadPay724.Repo.csproj", "{863A6498-830D-41F2-BA61-6331A98F53F4}"
EndProject
Project("{FAE04EC0-301F-11D3-BF4B-00C04F79EFBC}") = "MadPay724.Presentation", "MadPay724.Presentation\MadPay724.Presentation.csproj", "{087F5D89-C741-4586-9CBE-FF17533B5427}"
EndProject
Global
	GlobalSection(SolutionConfigurationPlatforms) = preSolution
		Debug|Any CPU = Debug|Any CPU
		Release|Any CPU = Release|Any CPU
	EndGlobalSection
	GlobalSection(ProjectConfigurationPlatforms) = postSolution
		{12C668ED-DF3A-4C63-B017-6695080D9E7B}.Debug|Any CPU.ActiveCfg = Debug|Any CPU
		{12C668ED-DF3A-4C63-B017-6695080D9E7B}.Debug|Any CPU.Build.0 = Debug|Any CPU
		{12C668ED-DF3A-4C63-B017-6695080D9E7B}.Release|Any CPU.ActiveCfg = Release|Any CPU
		{12C668ED-DF3A-4C63-B017-6695080D9E7B}.Release|Any CPU.Build.0 = Release|Any CPU
		{EECEB8CF-CCAC-4434-B9C2-45EF51351139}.Debug|Any CPU.ActiveCfg = Debug|Any CPU
		{EECEB8CF-CCAC-4434-B9C2-45EF51351139}.Debug|Any CPU.Build.0 = Debug|Any CPU
		{EECEB8CF-CCAC-4434-B9C2-45EF51351139}.Release|Any CPU.ActiveCfg = Release|Any CPU
		{EECEB8CF-CCAC-4434-B9C2-45EF51351139}.Release|Any CPU.Build.0 = Release|Any CPU
		{55FA3954-4407-481C-B190-0B26216908D2}.Debug|Any CPU.ActiveCfg = Debug|Any CPU
		{55FA3954-4407-481C-B190-0B26216908D2}.Debug|Any CPU.Build.0 = Debug|Any CPU
		{55FA3954-4407-481C-B190-0B26216908D2}.Release|Any CPU.ActiveCfg = Release|Any CPU
		{55FA3954-4407-481C-B190-0B26216908D2}.Release|Any CPU.Build.0 = Release|Any CPU
		{863A6498-830D-41F2-BA61-6331A98F53F4}.Debug|Any CPU.ActiveCfg = Debug|Any CPU
		{863A6498-830D-41F2-BA61-6331A98F53F4}.Debug|Any CPU.Build.0 = Debug|Any CPU
		{863A6498-830D-41F2-BA61-6331A98F53F4}.Release|Any CPU.ActiveCfg = Release|Any CPU
		{863A6498-830D-41F2-BA61-6331A98F53F4}.Release|Any CPU.Build.0 = Release|Any CPU
		{087F5D89-C741-4586-9CBE-FF17533B5427}.Debug|Any CPU.ActiveCfg = Debug|Any CPU
		{087F5D89-C741-4586-9CBE-FF17533B5427}.Debug|Any CPU.Build.0 = Debug|Any CPU
		{087F5D89-C741-4586-9CBE-FF17533B5427}.Release|Any CPU.ActiveCfg = Release|Any CPU
		{087F5D89-C741-4586-9CBE-FF17533B5427}.Release|Any CPU.Build.0 = Release|Any CPU
	EndGlobalSection
	GlobalSection(SolutionProperties) = preSolution
		HideSolutionNode = FALSE
	EndGlobalSection
	GlobalSection(ExtensibilityGlobals) = postSolution
		SolutionGuid = {769B0909-0A4C-4290-8CB2-B6A569F71FBF}
	EndGlobalSection
EndGlobal
